
Microsoft Visual Studio Solution File, Format Version 12.00
# Visual Studio Version 17
VisualStudioVersion = 17.11.35327.3
MinimumVisualStudioVersion = 10.0.40219.1
Project("{FAE04EC0-301F-11D3-BF4B-00C04F79EFBC}") = "AttributeApi", "AttributeApi\AttributeApi.csproj", "{827BA82A-BE69-43A6-BEE6-95395A2DA1F8}"
EndProject
Project("{2150E333-8FDC-42A3-9474-1A3956D46DE8}") = "Attribute", "Attribute", "{F70CF298-DF87-4E6F-A783-29F9A7F14D37}"
EndProject
Global
	GlobalSection(SolutionConfigurationPlatforms) = preSolution
		Debug|Any CPU = Debug|Any CPU
		Release|Any CPU = Release|Any CPU
	EndGlobalSection
	GlobalSection(ProjectConfigurationPlatforms) = postSolution
		{827BA82A-BE69-43A6-BEE6-95395A2DA1F8}.Debug|Any CPU.ActiveCfg = Debug|Any CPU
		{827BA82A-BE69-43A6-BEE6-95395A2DA1F8}.Debug|Any CPU.Build.0 = Debug|Any CPU
		{827BA82A-BE69-43A6-BEE6-95395A2DA1F8}.Release|Any CPU.ActiveCfg = Release|Any CPU
		{827BA82A-BE69-43A6-BEE6-95395A2DA1F8}.Release|Any CPU.Build.0 = Release|Any CPU
	EndGlobalSection
	GlobalSection(SolutionProperties) = preSolution
		HideSolutionNode = FALSE
	EndGlobalSection
	GlobalSection(NestedProjects) = preSolution
		{827BA82A-BE69-43A6-BEE6-95395A2DA1F8} = {F70CF298-DF87-4E6F-A783-29F9A7F14D37}
	EndGlobalSection
	GlobalSection(ExtensibilityGlobals) = postSolution
		SolutionGuid = {69051A80-378B-4B7C-922D-E6C2DF65D274}
	EndGlobalSection
EndGlobal
